
Microsoft Visual Studio Solution File, Format Version 12.00
# Visual Studio 15
VisualStudioVersion = 15.0.27205.0
MinimumVisualStudioVersion = 10.0.40219.1
Project("{FAE04EC0-301F-11D3-BF4B-00C04F79EFBC}") = "BluePrintAssembler", "BluePrintAssembler\BluePrintAssembler.csproj", "{D27F4375-1F65-496E-8A7C-480D3134C796}"
EndProject
Global
	GlobalSection(SolutionConfigurationPlatforms) = preSolution
		Debug|Any CPU = Debug|Any CPU
		Release|Any CPU = Release|Any CPU
	EndGlobalSection
	GlobalSection(ProjectConfigurationPlatforms) = postSolution
		{D27F4375-1F65-496E-8A7C-480D3134C796}.Debug|Any CPU.ActiveCfg = Debug|Any CPU
		{D27F4375-1F65-496E-8A7C-480D3134C796}.Debug|Any CPU.Build.0 = Debug|Any CPU
		{D27F4375-1F65-496E-8A7C-480D3134C796}.Release|Any CPU.ActiveCfg = Release|Any CPU
		{D27F4375-1F65-496E-8A7C-480D3134C796}.Release|Any CPU.Build.0 = Release|Any CPU
	EndGlobalSection
	GlobalSection(SolutionProperties) = preSolution
		HideSolutionNode = FALSE
	EndGlobalSection
	GlobalSection(ExtensibilityGlobals) = postSolution
		SolutionGuid = {E752B384-3136-45AF-BE55-CC19B8A0A946}
	EndGlobalSection
EndGlobal
